
Microsoft Visual Studio Solution File, Format Version 12.00
# Visual Studio Version 17
VisualStudioVersion = 17.6.33417.168
MinimumVisualStudioVersion = 10.0.40219.1
Project("{FAE04EC0-301F-11D3-BF4B-00C04F79EFBC}") = "HalloFactory", "HalloFactory\HalloFactory.csproj", "{77D43AA6-1C8D-4ECC-990D-CF03D5D5B73B}"
EndProject
Global
	GlobalSection(SolutionConfigurationPlatforms) = preSolution
		Debug|Any CPU = Debug|Any CPU
		Release|Any CPU = Release|Any CPU
	EndGlobalSection
	GlobalSection(ProjectConfigurationPlatforms) = postSolution
		{77D43AA6-1C8D-4ECC-990D-CF03D5D5B73B}.Debug|Any CPU.ActiveCfg = Debug|Any CPU
		{77D43AA6-1C8D-4ECC-990D-CF03D5D5B73B}.Debug|Any CPU.Build.0 = Debug|Any CPU
		{77D43AA6-1C8D-4ECC-990D-CF03D5D5B73B}.Release|Any CPU.ActiveCfg = Release|Any CPU
		{77D43AA6-1C8D-4ECC-990D-CF03D5D5B73B}.Release|Any CPU.Build.0 = Release|Any CPU
	EndGlobalSection
	GlobalSection(SolutionProperties) = preSolution
		HideSolutionNode = FALSE
	EndGlobalSection
	GlobalSection(ExtensibilityGlobals) = postSolution
		SolutionGuid = {F64C9C77-1B0D-4377-BACD-9A39EF69016E}
	EndGlobalSection
EndGlobal
