
Microsoft Visual Studio Solution File, Format Version 12.00
# Visual Studio Version 17
VisualStudioVersion = 17.6.33417.168
MinimumVisualStudioVersion = 10.0.40219.1
Project("{9A19103F-16F7-4668-BE54-9A1E7A4F7556}") = "ppedv.SchrottyCar.Model", "ppedv.SchrottyCar.Model\ppedv.SchrottyCar.Model.csproj", "{3C22BA63-D715-4110-A65E-95FE4E67D4C8}"
EndProject
Project("{9A19103F-16F7-4668-BE54-9A1E7A4F7556}") = "ppedv.SchrottyCar.Data.EfCore", "ppedv.SchrottyCar.Data.EfCore\ppedv.SchrottyCar.Data.EfCore.csproj", "{7E166972-D1CC-42C4-B2A7-A9EC6E9C9B5C}"
EndProject
Project("{9A19103F-16F7-4668-BE54-9A1E7A4F7556}") = "ppedv.SchrottyCar.Data.EfCore.Tests", "ppedv.SchrottyCar.Data.EfCore.Tests\ppedv.SchrottyCar.Data.EfCore.Tests.csproj", "{F1C76514-8685-4EF7-A5B9-46E5E008E642}"
EndProject
Project("{FAE04EC0-301F-11D3-BF4B-00C04F79EFBC}") = "ppedv.SchrottyCar.Services.CarService", "ppedv.SchrottyCar.Services.CarService\ppedv.SchrottyCar.Services.CarService.csproj", "{B21E81B9-C438-4C4D-B186-EEC3E9C2209E}"
EndProject
Project("{FAE04EC0-301F-11D3-BF4B-00C04F79EFBC}") = "ppedv.SchrottyCar.UI.DevConsole", "ppedv.SchrottyCar.UI.DevConsole\ppedv.SchrottyCar.UI.DevConsole.csproj", "{8F3C673F-56FB-400A-8807-E2E83C2960C9}"
EndProject
Project("{FAE04EC0-301F-11D3-BF4B-00C04F79EFBC}") = "ppedv.SchrottyCar.Services.CarService.Tests", "ppedv.SchrottyCar.Services.CarService.Tests\ppedv.SchrottyCar.Services.CarService.Tests.csproj", "{EF547E79-3752-4A3A-8C58-F0C40A2A75CB}"
EndProject
Project("{FAE04EC0-301F-11D3-BF4B-00C04F79EFBC}") = "ppedv.SchrottyCar.UI.WPF", "ppedv.SchrottyCar.UI.WPF\ppedv.SchrottyCar.UI.WPF.csproj", "{EC5B3F6F-E8CA-4327-9C85-607BF5294720}"
EndProject
Global
	GlobalSection(SolutionConfigurationPlatforms) = preSolution
		Debug|Any CPU = Debug|Any CPU
		Release|Any CPU = Release|Any CPU
	EndGlobalSection
	GlobalSection(ProjectConfigurationPlatforms) = postSolution
		{3C22BA63-D715-4110-A65E-95FE4E67D4C8}.Debug|Any CPU.ActiveCfg = Debug|Any CPU
		{3C22BA63-D715-4110-A65E-95FE4E67D4C8}.Debug|Any CPU.Build.0 = Debug|Any CPU
		{3C22BA63-D715-4110-A65E-95FE4E67D4C8}.Release|Any CPU.ActiveCfg = Release|Any CPU
		{3C22BA63-D715-4110-A65E-95FE4E67D4C8}.Release|Any CPU.Build.0 = Release|Any CPU
		{7E166972-D1CC-42C4-B2A7-A9EC6E9C9B5C}.Debug|Any CPU.ActiveCfg = Debug|Any CPU
		{7E166972-D1CC-42C4-B2A7-A9EC6E9C9B5C}.Debug|Any CPU.Build.0 = Debug|Any CPU
		{7E166972-D1CC-42C4-B2A7-A9EC6E9C9B5C}.Release|Any CPU.ActiveCfg = Release|Any CPU
		{7E166972-D1CC-42C4-B2A7-A9EC6E9C9B5C}.Release|Any CPU.Build.0 = Release|Any CPU
		{F1C76514-8685-4EF7-A5B9-46E5E008E642}.Debug|Any CPU.ActiveCfg = Debug|Any CPU
		{F1C76514-8685-4EF7-A5B9-46E5E008E642}.Debug|Any CPU.Build.0 = Debug|Any CPU
		{F1C76514-8685-4EF7-A5B9-46E5E008E642}.Release|Any CPU.ActiveCfg = Release|Any CPU
		{F1C76514-8685-4EF7-A5B9-46E5E008E642}.Release|Any CPU.Build.0 = Release|Any CPU
		{B21E81B9-C438-4C4D-B186-EEC3E9C2209E}.Debug|Any CPU.ActiveCfg = Debug|Any CPU
		{B21E81B9-C438-4C4D-B186-EEC3E9C2209E}.Debug|Any CPU.Build.0 = Debug|Any CPU
		{B21E81B9-C438-4C4D-B186-EEC3E9C2209E}.Release|Any CPU.ActiveCfg = Release|Any CPU
		{B21E81B9-C438-4C4D-B186-EEC3E9C2209E}.Release|Any CPU.Build.0 = Release|Any CPU
		{8F3C673F-56FB-400A-8807-E2E83C2960C9}.Debug|Any CPU.ActiveCfg = Debug|Any CPU
		{8F3C673F-56FB-400A-8807-E2E83C2960C9}.Debug|Any CPU.Build.0 = Debug|Any CPU
		{8F3C673F-56FB-400A-8807-E2E83C2960C9}.Release|Any CPU.ActiveCfg = Release|Any CPU
		{8F3C673F-56FB-400A-8807-E2E83C2960C9}.Release|Any CPU.Build.0 = Release|Any CPU
		{EF547E79-3752-4A3A-8C58-F0C40A2A75CB}.Debug|Any CPU.ActiveCfg = Debug|Any CPU
		{EF547E79-3752-4A3A-8C58-F0C40A2A75CB}.Debug|Any CPU.Build.0 = Debug|Any CPU
		{EF547E79-3752-4A3A-8C58-F0C40A2A75CB}.Release|Any CPU.ActiveCfg = Release|Any CPU
		{EF547E79-3752-4A3A-8C58-F0C40A2A75CB}.Release|Any CPU.Build.0 = Release|Any CPU
		{EC5B3F6F-E8CA-4327-9C85-607BF5294720}.Debug|Any CPU.ActiveCfg = Debug|Any CPU
		{EC5B3F6F-E8CA-4327-9C85-607BF5294720}.Debug|Any CPU.Build.0 = Debug|Any CPU
		{EC5B3F6F-E8CA-4327-9C85-607BF5294720}.Release|Any CPU.ActiveCfg = Release|Any CPU
		{EC5B3F6F-E8CA-4327-9C85-607BF5294720}.Release|Any CPU.Build.0 = Release|Any CPU
	EndGlobalSection
	GlobalSection(SolutionProperties) = preSolution
		HideSolutionNode = FALSE
	EndGlobalSection
	GlobalSection(ExtensibilityGlobals) = postSolution
		SolutionGuid = {7EA5840E-CC26-4B58-8041-958A82991151}
	EndGlobalSection
EndGlobal
