
Microsoft Visual Studio Solution File, Format Version 12.00
# Visual Studio Version 17
VisualStudioVersion = 17.6.33417.168
MinimumVisualStudioVersion = 10.0.40219.1
Project("{FAE04EC0-301F-11D3-BF4B-00C04F79EFBC}") = "ppedv.SchrottyCar.Model", "ppedv.SchrottyCar.Model\ppedv.SchrottyCar.Model.csproj", "{3C22BA63-D715-4110-A65E-95FE4E67D4C8}"
EndProject
Global
	GlobalSection(SolutionConfigurationPlatforms) = preSolution
		Debug|Any CPU = Debug|Any CPU
		Release|Any CPU = Release|Any CPU
	EndGlobalSection
	GlobalSection(ProjectConfigurationPlatforms) = postSolution
		{3C22BA63-D715-4110-A65E-95FE4E67D4C8}.Debug|Any CPU.ActiveCfg = Debug|Any CPU
		{3C22BA63-D715-4110-A65E-95FE4E67D4C8}.Debug|Any CPU.Build.0 = Debug|Any CPU
		{3C22BA63-D715-4110-A65E-95FE4E67D4C8}.Release|Any CPU.ActiveCfg = Release|Any CPU
		{3C22BA63-D715-4110-A65E-95FE4E67D4C8}.Release|Any CPU.Build.0 = Release|Any CPU
	EndGlobalSection
	GlobalSection(SolutionProperties) = preSolution
		HideSolutionNode = FALSE
	EndGlobalSection
	GlobalSection(ExtensibilityGlobals) = postSolution
		SolutionGuid = {7EA5840E-CC26-4B58-8041-958A82991151}
	EndGlobalSection
EndGlobal
